
Microsoft Visual Studio Solution File, Format Version 12.00
# Visual Studio Version 17
VisualStudioVersion = 17.3.32929.385
MinimumVisualStudioVersion = 10.0.40219.1
Project("{FAE04EC0-301F-11D3-BF4B-00C04F79EFBC}") = "WcfWeb", "WcfWeb\WcfWeb.csproj", "{E79C44BC-F977-4E66-8D2F-78897964F0DD}"
EndProject
Global
	GlobalSection(SolutionConfigurationPlatforms) = preSolution
		Debug|Any CPU = Debug|Any CPU
		Release|Any CPU = Release|Any CPU
	EndGlobalSection
	GlobalSection(ProjectConfigurationPlatforms) = postSolution
		{E79C44BC-F977-4E66-8D2F-78897964F0DD}.Debug|Any CPU.ActiveCfg = Debug|Any CPU
		{E79C44BC-F977-4E66-8D2F-78897964F0DD}.Debug|Any CPU.Build.0 = Debug|Any CPU
		{E79C44BC-F977-4E66-8D2F-78897964F0DD}.Release|Any CPU.ActiveCfg = Release|Any CPU
		{E79C44BC-F977-4E66-8D2F-78897964F0DD}.Release|Any CPU.Build.0 = Release|Any CPU
	EndGlobalSection
	GlobalSection(SolutionProperties) = preSolution
		HideSolutionNode = FALSE
	EndGlobalSection
	GlobalSection(ExtensibilityGlobals) = postSolution
		SolutionGuid = {721BD67C-7C45-4CF3-848D-6575712E63CA}
	EndGlobalSection
EndGlobal
